
Microsoft Visual Studio Solution File, Format Version 12.00
# Visual Studio 15
VisualStudioVersion = 15.0.28307.1062
MinimumVisualStudioVersion = 10.0.40219.1
Project("{FAE04EC0-301F-11D3-BF4B-00C04F79EFBC}") = "QuanLyPhongTro", "QuanLyPhongTro\QuanLyPhongTro.csproj", "{BB45CBB2-C9BB-4073-BD31-B6F9332825DB}"
EndProject
Project("{FAE04EC0-301F-11D3-BF4B-00C04F79EFBC}") = "DAL", "DAL\DAL.csproj", "{8DCDC747-8039-4E15-868B-1651524A33D1}"
EndProject
Project("{FAE04EC0-301F-11D3-BF4B-00C04F79EFBC}") = "DTO", "DTO\DTO.csproj", "{AA93CCFF-CEC5-4457-8E60-83E2CAB23172}"
EndProject
Global
	GlobalSection(SolutionConfigurationPlatforms) = preSolution
		Debug|Any CPU = Debug|Any CPU
		Release|Any CPU = Release|Any CPU
	EndGlobalSection
	GlobalSection(ProjectConfigurationPlatforms) = postSolution
		{BB45CBB2-C9BB-4073-BD31-B6F9332825DB}.Debug|Any CPU.ActiveCfg = Debug|Any CPU
		{BB45CBB2-C9BB-4073-BD31-B6F9332825DB}.Debug|Any CPU.Build.0 = Debug|Any CPU
		{BB45CBB2-C9BB-4073-BD31-B6F9332825DB}.Release|Any CPU.ActiveCfg = Release|Any CPU
		{BB45CBB2-C9BB-4073-BD31-B6F9332825DB}.Release|Any CPU.Build.0 = Release|Any CPU
		{8DCDC747-8039-4E15-868B-1651524A33D1}.Debug|Any CPU.ActiveCfg = Debug|Any CPU
		{8DCDC747-8039-4E15-868B-1651524A33D1}.Debug|Any CPU.Build.0 = Debug|Any CPU
		{8DCDC747-8039-4E15-868B-1651524A33D1}.Release|Any CPU.ActiveCfg = Release|Any CPU
		{8DCDC747-8039-4E15-868B-1651524A33D1}.Release|Any CPU.Build.0 = Release|Any CPU
		{AA93CCFF-CEC5-4457-8E60-83E2CAB23172}.Debug|Any CPU.ActiveCfg = Debug|Any CPU
		{AA93CCFF-CEC5-4457-8E60-83E2CAB23172}.Debug|Any CPU.Build.0 = Debug|Any CPU
		{AA93CCFF-CEC5-4457-8E60-83E2CAB23172}.Release|Any CPU.ActiveCfg = Release|Any CPU
		{AA93CCFF-CEC5-4457-8E60-83E2CAB23172}.Release|Any CPU.Build.0 = Release|Any CPU
	EndGlobalSection
	GlobalSection(SolutionProperties) = preSolution
		HideSolutionNode = FALSE
	EndGlobalSection
	GlobalSection(ExtensibilityGlobals) = postSolution
		SolutionGuid = {6618BB66-261C-47A7-9242-1E6A4550460E}
	EndGlobalSection
EndGlobal
